
Microsoft Visual Studio Solution File, Format Version 12.00
# Visual Studio Version 17
VisualStudioVersion = 17.13.35828.75 d17.13
MinimumVisualStudioVersion = 10.0.40219.1
Project("{FAE04EC0-301F-11D3-BF4B-00C04F79EFBC}") = "ColorPickerApp", "ColorPickerApp\ColorPickerApp.csproj", "{5A260AE0-A1BE-46BA-B4C5-282ECD501DD0}"
EndProject
Global
	GlobalSection(SolutionConfigurationPlatforms) = preSolution
		Debug|Any CPU = Debug|Any CPU
		Release|Any CPU = Release|Any CPU
	EndGlobalSection
	GlobalSection(ProjectConfigurationPlatforms) = postSolution
		{5A260AE0-A1BE-46BA-B4C5-282ECD501DD0}.Debug|Any CPU.ActiveCfg = Debug|Any CPU
		{5A260AE0-A1BE-46BA-B4C5-282ECD501DD0}.Debug|Any CPU.Build.0 = Debug|Any CPU
		{5A260AE0-A1BE-46BA-B4C5-282ECD501DD0}.Release|Any CPU.ActiveCfg = Release|Any CPU
		{5A260AE0-A1BE-46BA-B4C5-282ECD501DD0}.Release|Any CPU.Build.0 = Release|Any CPU
	EndGlobalSection
	GlobalSection(SolutionProperties) = preSolution
		HideSolutionNode = FALSE
	EndGlobalSection
	GlobalSection(ExtensibilityGlobals) = postSolution
		SolutionGuid = {40539A40-D94E-43C1-81BF-19808E274AA7}
	EndGlobalSection
EndGlobal
